
Microsoft Visual Studio Solution File, Format Version 12.00
# Visual Studio Version 16
VisualStudioVersion = 16.0.29201.188
MinimumVisualStudioVersion = 10.0.40219.1
Project("{9A19103F-16F7-4668-BE54-9A1E7A4F7556}") = "Task1", "Task1\Task1.csproj", "{E1C63D3E-B30D-43F9-B8B6-0D93FD4BD1D5}"
EndProject
Project("{9A19103F-16F7-4668-BE54-9A1E7A4F7556}") = "Task1.Test", "Task1.Test\Task1.Test.csproj", "{3ADB2C2C-0AA2-487A-9C06-51F595F304C7}"
EndProject
Project("{9A19103F-16F7-4668-BE54-9A1E7A4F7556}") = "Task3", "Task3\Task3.csproj", "{DF7E750C-2A4E-419F-A752-0F5196D3C25D}"
EndProject
Project("{9A19103F-16F7-4668-BE54-9A1E7A4F7556}") = "Task3.Test", "Task3.Test\Task3.Test.csproj", "{E76F131A-BB3A-46F5-A090-264C4C66399A}"
EndProject
Project("{9A19103F-16F7-4668-BE54-9A1E7A4F7556}") = "Task5", "Task5\Task5.csproj", "{548A5521-6A64-4AE3-A66C-9C586D4B8041}"
EndProject
Project("{9A19103F-16F7-4668-BE54-9A1E7A4F7556}") = "Task5.Test", "Task5.Test\Task5.Test.csproj", "{1D9C045C-CBBF-4CDF-B0AE-01EF3782CEBD}"
EndProject
Project("{9A19103F-16F7-4668-BE54-9A1E7A4F7556}") = "Task2", "Task2\Task2.csproj", "{AF50D41B-E111-4F1D-AEBA-7684A743625B}"
EndProject
Project("{9A19103F-16F7-4668-BE54-9A1E7A4F7556}") = "Task2.Test", "Task2.Test\Task2.Test.csproj", "{DB498D1D-0B06-4AF0-9778-B94AA76A6372}"
EndProject
Project("{9A19103F-16F7-4668-BE54-9A1E7A4F7556}") = "Task4", "Task4\Task4.csproj", "{5066EFDE-498F-482D-ABCA-B62BAE33B70D}"
EndProject
Project("{9A19103F-16F7-4668-BE54-9A1E7A4F7556}") = "Task4.Test", "Task4.Test\Task4.Test.csproj", "{5CDDED9B-2155-461A-AAB4-BF0FAF09ABA3}"
EndProject
Project("{9A19103F-16F7-4668-BE54-9A1E7A4F7556}") = "Task6", "Task6\Task6.csproj", "{90CFE076-8B6A-4AAF-B168-DC4F347CBF15}"
EndProject
Project("{9A19103F-16F7-4668-BE54-9A1E7A4F7556}") = "Task6.Test", "Task6.Test\Task6.Test.csproj", "{A5C441A0-5816-4647-A0F4-82249BBF8B09}"
EndProject
Project("{9A19103F-16F7-4668-BE54-9A1E7A4F7556}") = "Task7", "Task7\Task7.csproj", "{2D97D502-A578-4013-A8EC-D5C70B176DE8}"
EndProject
Project("{9A19103F-16F7-4668-BE54-9A1E7A4F7556}") = "Task7.Test", "Task7.Test\Task7.Test.csproj", "{3311EC2F-4525-41F6-9F19-9FF7089002F0}"
EndProject
Project("{9A19103F-16F7-4668-BE54-9A1E7A4F7556}") = "Task8", "Task8\Task8.csproj", "{700BCE76-A44F-4B7A-AD0F-F9959478BDD3}"
EndProject
Project("{9A19103F-16F7-4668-BE54-9A1E7A4F7556}") = "Task8.Test", "Task8.Test\Task8.Test.csproj", "{B5555464-43A1-4624-9C44-C5421D0E37EF}"
EndProject
Project("{9A19103F-16F7-4668-BE54-9A1E7A4F7556}") = "Task9", "Task9\Task9.csproj", "{5F8F6857-44D5-4084-AC32-698687596D32}"
EndProject
Project("{FAE04EC0-301F-11D3-BF4B-00C04F79EFBC}") = "Task9.Test", "Task9.Test\Task9.Test.csproj", "{C28AD4DE-F747-42DC-A02F-E254CEC7DFBA}"
EndProject
Global
	GlobalSection(SolutionConfigurationPlatforms) = preSolution
		Debug|Any CPU = Debug|Any CPU
		Release|Any CPU = Release|Any CPU
	EndGlobalSection
	GlobalSection(ProjectConfigurationPlatforms) = postSolution
		{E1C63D3E-B30D-43F9-B8B6-0D93FD4BD1D5}.Debug|Any CPU.ActiveCfg = Debug|Any CPU
		{E1C63D3E-B30D-43F9-B8B6-0D93FD4BD1D5}.Debug|Any CPU.Build.0 = Debug|Any CPU
		{E1C63D3E-B30D-43F9-B8B6-0D93FD4BD1D5}.Release|Any CPU.ActiveCfg = Release|Any CPU
		{E1C63D3E-B30D-43F9-B8B6-0D93FD4BD1D5}.Release|Any CPU.Build.0 = Release|Any CPU
		{3ADB2C2C-0AA2-487A-9C06-51F595F304C7}.Debug|Any CPU.ActiveCfg = Debug|Any CPU
		{3ADB2C2C-0AA2-487A-9C06-51F595F304C7}.Debug|Any CPU.Build.0 = Debug|Any CPU
		{3ADB2C2C-0AA2-487A-9C06-51F595F304C7}.Release|Any CPU.ActiveCfg = Release|Any CPU
		{3ADB2C2C-0AA2-487A-9C06-51F595F304C7}.Release|Any CPU.Build.0 = Release|Any CPU
		{DF7E750C-2A4E-419F-A752-0F5196D3C25D}.Debug|Any CPU.ActiveCfg = Debug|Any CPU
		{DF7E750C-2A4E-419F-A752-0F5196D3C25D}.Debug|Any CPU.Build.0 = Debug|Any CPU
		{DF7E750C-2A4E-419F-A752-0F5196D3C25D}.Release|Any CPU.ActiveCfg = Release|Any CPU
		{DF7E750C-2A4E-419F-A752-0F5196D3C25D}.Release|Any CPU.Build.0 = Release|Any CPU
		{E76F131A-BB3A-46F5-A090-264C4C66399A}.Debug|Any CPU.ActiveCfg = Debug|Any CPU
		{E76F131A-BB3A-46F5-A090-264C4C66399A}.Debug|Any CPU.Build.0 = Debug|Any CPU
		{E76F131A-BB3A-46F5-A090-264C4C66399A}.Release|Any CPU.ActiveCfg = Release|Any CPU
		{E76F131A-BB3A-46F5-A090-264C4C66399A}.Release|Any CPU.Build.0 = Release|Any CPU
		{548A5521-6A64-4AE3-A66C-9C586D4B8041}.Debug|Any CPU.ActiveCfg = Debug|Any CPU
		{548A5521-6A64-4AE3-A66C-9C586D4B8041}.Debug|Any CPU.Build.0 = Debug|Any CPU
		{548A5521-6A64-4AE3-A66C-9C586D4B8041}.Release|Any CPU.ActiveCfg = Release|Any CPU
		{548A5521-6A64-4AE3-A66C-9C586D4B8041}.Release|Any CPU.Build.0 = Release|Any CPU
		{1D9C045C-CBBF-4CDF-B0AE-01EF3782CEBD}.Debug|Any CPU.ActiveCfg = Debug|Any CPU
		{1D9C045C-CBBF-4CDF-B0AE-01EF3782CEBD}.Debug|Any CPU.Build.0 = Debug|Any CPU
		{1D9C045C-CBBF-4CDF-B0AE-01EF3782CEBD}.Release|Any CPU.ActiveCfg = Release|Any CPU
		{1D9C045C-CBBF-4CDF-B0AE-01EF3782CEBD}.Release|Any CPU.Build.0 = Release|Any CPU
		{AF50D41B-E111-4F1D-AEBA-7684A743625B}.Debug|Any CPU.ActiveCfg = Debug|Any CPU
		{AF50D41B-E111-4F1D-AEBA-7684A743625B}.Debug|Any CPU.Build.0 = Debug|Any CPU
		{AF50D41B-E111-4F1D-AEBA-7684A743625B}.Release|Any CPU.ActiveCfg = Release|Any CPU
		{AF50D41B-E111-4F1D-AEBA-7684A743625B}.Release|Any CPU.Build.0 = Release|Any CPU
		{DB498D1D-0B06-4AF0-9778-B94AA76A6372}.Debug|Any CPU.ActiveCfg = Debug|Any CPU
		{DB498D1D-0B06-4AF0-9778-B94AA76A6372}.Debug|Any CPU.Build.0 = Debug|Any CPU
		{DB498D1D-0B06-4AF0-9778-B94AA76A6372}.Release|Any CPU.ActiveCfg = Release|Any CPU
		{DB498D1D-0B06-4AF0-9778-B94AA76A6372}.Release|Any CPU.Build.0 = Release|Any CPU
		{5066EFDE-498F-482D-ABCA-B62BAE33B70D}.Debug|Any CPU.ActiveCfg = Debug|Any CPU
		{5066EFDE-498F-482D-ABCA-B62BAE33B70D}.Debug|Any CPU.Build.0 = Debug|Any CPU
		{5066EFDE-498F-482D-ABCA-B62BAE33B70D}.Release|Any CPU.ActiveCfg = Release|Any CPU
		{5066EFDE-498F-482D-ABCA-B62BAE33B70D}.Release|Any CPU.Build.0 = Release|Any CPU
		{5CDDED9B-2155-461A-AAB4-BF0FAF09ABA3}.Debug|Any CPU.ActiveCfg = Debug|Any CPU
		{5CDDED9B-2155-461A-AAB4-BF0FAF09ABA3}.Debug|Any CPU.Build.0 = Debug|Any CPU
		{5CDDED9B-2155-461A-AAB4-BF0FAF09ABA3}.Release|Any CPU.ActiveCfg = Release|Any CPU
		{5CDDED9B-2155-461A-AAB4-BF0FAF09ABA3}.Release|Any CPU.Build.0 = Release|Any CPU
		{90CFE076-8B6A-4AAF-B168-DC4F347CBF15}.Debug|Any CPU.ActiveCfg = Debug|Any CPU
		{90CFE076-8B6A-4AAF-B168-DC4F347CBF15}.Debug|Any CPU.Build.0 = Debug|Any CPU
		{90CFE076-8B6A-4AAF-B168-DC4F347CBF15}.Release|Any CPU.ActiveCfg = Release|Any CPU
		{90CFE076-8B6A-4AAF-B168-DC4F347CBF15}.Release|Any CPU.Build.0 = Release|Any CPU
		{A5C441A0-5816-4647-A0F4-82249BBF8B09}.Debug|Any CPU.ActiveCfg = Debug|Any CPU
		{A5C441A0-5816-4647-A0F4-82249BBF8B09}.Debug|Any CPU.Build.0 = Debug|Any CPU
		{A5C441A0-5816-4647-A0F4-82249BBF8B09}.Release|Any CPU.ActiveCfg = Release|Any CPU
		{A5C441A0-5816-4647-A0F4-82249BBF8B09}.Release|Any CPU.Build.0 = Release|Any CPU
		{2D97D502-A578-4013-A8EC-D5C70B176DE8}.Debug|Any CPU.ActiveCfg = Debug|Any CPU
		{2D97D502-A578-4013-A8EC-D5C70B176DE8}.Debug|Any CPU.Build.0 = Debug|Any CPU
		{2D97D502-A578-4013-A8EC-D5C70B176DE8}.Release|Any CPU.ActiveCfg = Release|Any CPU
		{2D97D502-A578-4013-A8EC-D5C70B176DE8}.Release|Any CPU.Build.0 = Release|Any CPU
		{3311EC2F-4525-41F6-9F19-9FF7089002F0}.Debug|Any CPU.ActiveCfg = Debug|Any CPU
		{3311EC2F-4525-41F6-9F19-9FF7089002F0}.Debug|Any CPU.Build.0 = Debug|Any CPU
		{3311EC2F-4525-41F6-9F19-9FF7089002F0}.Release|Any CPU.ActiveCfg = Release|Any CPU
		{3311EC2F-4525-41F6-9F19-9FF7089002F0}.Release|Any CPU.Build.0 = Release|Any CPU
		{700BCE76-A44F-4B7A-AD0F-F9959478BDD3}.Debug|Any CPU.ActiveCfg = Debug|Any CPU
		{700BCE76-A44F-4B7A-AD0F-F9959478BDD3}.Debug|Any CPU.Build.0 = Debug|Any CPU
		{700BCE76-A44F-4B7A-AD0F-F9959478BDD3}.Release|Any CPU.ActiveCfg = Release|Any CPU
		{700BCE76-A44F-4B7A-AD0F-F9959478BDD3}.Release|Any CPU.Build.0 = Release|Any CPU
		{B5555464-43A1-4624-9C44-C5421D0E37EF}.Debug|Any CPU.ActiveCfg = Debug|Any CPU
		{B5555464-43A1-4624-9C44-C5421D0E37EF}.Debug|Any CPU.Build.0 = Debug|Any CPU
		{B5555464-43A1-4624-9C44-C5421D0E37EF}.Release|Any CPU.ActiveCfg = Release|Any CPU
		{B5555464-43A1-4624-9C44-C5421D0E37EF}.Release|Any CPU.Build.0 = Release|Any CPU
		{5F8F6857-44D5-4084-AC32-698687596D32}.Debug|Any CPU.ActiveCfg = Debug|Any CPU
		{5F8F6857-44D5-4084-AC32-698687596D32}.Debug|Any CPU.Build.0 = Debug|Any CPU
		{5F8F6857-44D5-4084-AC32-698687596D32}.Release|Any CPU.ActiveCfg = Release|Any CPU
		{5F8F6857-44D5-4084-AC32-698687596D32}.Release|Any CPU.Build.0 = Release|Any CPU
		{C28AD4DE-F747-42DC-A02F-E254CEC7DFBA}.Debug|Any CPU.ActiveCfg = Debug|Any CPU
		{C28AD4DE-F747-42DC-A02F-E254CEC7DFBA}.Debug|Any CPU.Build.0 = Debug|Any CPU
		{C28AD4DE-F747-42DC-A02F-E254CEC7DFBA}.Release|Any CPU.ActiveCfg = Release|Any CPU
		{C28AD4DE-F747-42DC-A02F-E254CEC7DFBA}.Release|Any CPU.Build.0 = Release|Any CPU
	EndGlobalSection
	GlobalSection(SolutionProperties) = preSolution
		HideSolutionNode = FALSE
	EndGlobalSection
	GlobalSection(ExtensibilityGlobals) = postSolution
		SolutionGuid = {5625273C-33F9-444D-A770-362C37B3ACB8}
	EndGlobalSection
EndGlobal
